// !$*UTF8*$!
{
	archiveVersion = 1;
	classes = {
	};
	objectVersion = 46;
	objects = {

/* Begin PBXBuildFile section */
		440A29496EB05DDEDA33A1B2 /* Pods_MovieViewer.framework in Frameworks */ = {isa = PBXBuildFile; fileRef = 35AEE672B5DB1C1DDA3CB326 /* Pods_MovieViewer.framework */; };
		7F4A02D81D94B66300EE380A /* AppDelegate.swift in Sources */ = {isa = PBXBuildFile; fileRef = 7F4A02D71D94B66300EE380A /* AppDelegate.swift */; };
		7F4A02DD1D94B66300EE380A /* Main.storyboard in Resources */ = {isa = PBXBuildFile; fileRef = 7F4A02DB1D94B66300EE380A /* Main.storyboard */; };
		7F4A02DF1D94B66300EE380A /* Assets.xcassets in Resources */ = {isa = PBXBuildFile; fileRef = 7F4A02DE1D94B66300EE380A /* Assets.xcassets */; };
		7F4A02E21D94B66300EE380A /* LaunchScreen.storyboard in Resources */ = {isa = PBXBuildFile; fileRef = 7F4A02E01D94B66300EE380A /* LaunchScreen.storyboard */; };
		7F4A02EA1D94B67C00EE380A /* MovieViewController.swift in Sources */ = {isa = PBXBuildFile; fileRef = 7F4A02E91D94B67C00EE380A /* MovieViewController.swift */; };
		7F4A02ED1D94C59600EE380A /* MovieViewCell.swift in Sources */ = {isa = PBXBuildFile; fileRef = 7F4A02EC1D94C59600EE380A /* MovieViewCell.swift */; };
		7F4A02F01D95671200EE380A /* DetailViewController.swift in Sources */ = {isa = PBXBuildFile; fileRef = 7F4A02EF1D95671200EE380A /* DetailViewController.swift */; };
/* End PBXBuildFile section */

/* Begin PBXFileReference section */
		35AEE672B5DB1C1DDA3CB326 /* Pods_MovieViewer.framework */ = {isa = PBXFileReference; explicitFileType = wrapper.framework; includeInIndex = 0; path = Pods_MovieViewer.framework; sourceTree = BUILT_PRODUCTS_DIR; };
		7F4A02D41D94B66300EE380A /* MovieViewer.app */ = {isa = PBXFileReference; explicitFileType = wrapper.application; includeInIndex = 0; path = MovieViewer.app; sourceTree = BUILT_PRODUCTS_DIR; };
		7F4A02D71D94B66300EE380A /* AppDelegate.swift */ = {isa = PBXFileReference; lastKnownFileType = sourcecode.swift; path = AppDelegate.swift; sourceTree = "<group>"; };
		7F4A02DC1D94B66300EE380A /* Base */ = {isa = PBXFileReference; lastKnownFileType = file.storyboard; name = Base; path = Base.lproj/Main.storyboard; sourceTree = "<group>"; };
		7F4A02DE1D94B66300EE380A /* Assets.xcassets */ = {isa = PBXFileReference; lastKnownFileType = folder.assetcatalog; path = Assets.xcassets; sourceTree = "<group>"; };
		7F4A02E11D94B66300EE380A /* Base */ = {isa = PBXFileReference; lastKnownFileType = file.storyboard; name = Base; path = Base.lproj/LaunchScreen.storyboard; sourceTree = "<group>"; };
		7F4A02E31D94B66300EE380A /* Info.plist */ = {isa = PBXFileReference; lastKnownFileType = text.plist.xml; path = Info.plist; sourceTree = "<group>"; };
		7F4A02E91D94B67C00EE380A /* MovieViewController.swift */ = {isa = PBXFileReference; fileEncoding = 4; lastKnownFileType = sourcecode.swift; path = MovieViewController.swift; sourceTree = "<group>"; };
		7F4A02EC1D94C59600EE380A /* MovieViewCell.swift */ = {isa = PBXFileReference; fileEncoding = 4; lastKnownFileType = sourcecode.swift; path = MovieViewCell.swift; sourceTree = "<group>"; };
		7F4A02EF1D95671200EE380A /* DetailViewController.swift */ = {isa = PBXFileReference; fileEncoding = 4; lastKnownFileType = sourcecode.swift; path = DetailViewController.swift; sourceTree = "<group>"; };
		A62C18CF3FFD1B25788BF04A /* Pods-MovieViewer.debug.xcconfig */ = {isa = PBXFileReference; includeInIndex = 1; lastKnownFileType = text.xcconfig; name = "Pods-MovieViewer.debug.xcconfig"; path = "Pods/Target Support Files/Pods-MovieViewer/Pods-MovieViewer.debug.xcconfig"; sourceTree = "<group>"; };
		F3324A105E58433D771BDC33 /* Pods-MovieViewer.release.xcconfig */ = {isa = PBXFileReference; includeInIndex = 1; lastKnownFileType = text.xcconfig; name = "Pods-MovieViewer.release.xcconfig"; path = "Pods/Target Support Files/Pods-MovieViewer/Pods-MovieViewer.release.xcconfig"; sourceTree = "<group>"; };
/* End PBXFileReference section */

/* Begin PBXFrameworksBuildPhase section */
		7F4A02D11D94B66300EE380A /* Frameworks */ = {
			isa = PBXFrameworksBuildPhase;
			buildActionMask = 2147483647;
			files = (
				440A29496EB05DDEDA33A1B2 /* Pods_MovieViewer.framework in Frameworks */,
			);
			runOnlyForDeploymentPostprocessing = 0;
		};
/* End PBXFrameworksBuildPhase section */

/* Begin PBXGroup section */
		5FE757064F900DCA389735E0 /* Frameworks */ = {
			isa = PBXGroup;
			children = (
				35AEE672B5DB1C1DDA3CB326 /* Pods_MovieViewer.framework */,
			);
			name = Frameworks;
			sourceTree = "<group>";
		};
		7F4A02CB1D94B66300EE380A = {
			isa = PBXGroup;
			children = (
				7F4A02D61D94B66300EE380A /* MovieViewer */,
				7F4A02D51D94B66300EE380A /* Products */,
				AB6D7DDC598790AB981B3055 /* Pods */,
				5FE757064F900DCA389735E0 /* Frameworks */,
			);
			sourceTree = "<group>";
		};
		7F4A02D51D94B66300EE380A /* Products */ = {
			isa = PBXGroup;
			children = (
				7F4A02D41D94B66300EE380A /* MovieViewer.app */,
			);
			name = Products;
			sourceTree = "<group>";
		};
		7F4A02D61D94B66300EE380A /* MovieViewer */ = {
			isa = PBXGroup;
			children = (
				7F4A02EE1D9566E900EE380A /* View Controllers */,
				7F4A02EB1D94C56B00EE380A /* Views */,
				7F4A02D71D94B66300EE380A /* AppDelegate.swift */,
				7F4A02DB1D94B66300EE380A /* Main.storyboard */,
				7F4A02DE1D94B66300EE380A /* Assets.xcassets */,
				7F4A02E01D94B66300EE380A /* LaunchScreen.storyboard */,
				7F4A02E31D94B66300EE380A /* Info.plist */,
			);
			path = MovieViewer;
			sourceTree = "<group>";
		};
		7F4A02EB1D94C56B00EE380A /* Views */ = {
			isa = PBXGroup;
			children = (
				7F4A02EC1D94C59600EE380A /* MovieViewCell.swift */,
			);
			name = Views;
			sourceTree = "<group>";
		};
		7F4A02EE1D9566E900EE380A /* View Controllers */ = {
			isa = PBXGroup;
			children = (
				7F4A02E91D94B67C00EE380A /* MovieViewController.swift */,
				7F4A02EF1D95671200EE380A /* DetailViewController.swift */,
			);
			name = "View Controllers";
			sourceTree = "<group>";
		};
		AB6D7DDC598790AB981B3055 /* Pods */ = {
			isa = PBXGroup;
			children = (
				A62C18CF3FFD1B25788BF04A /* Pods-MovieViewer.debug.xcconfig */,
				F3324A105E58433D771BDC33 /* Pods-MovieViewer.release.xcconfig */,
			);
			name = Pods;
			sourceTree = "<group>";
		};
/* End PBXGroup section */

/* Begin PBXNativeTarget section */
		7F4A02D31D94B66300EE380A /* MovieViewer */ = {
			isa = PBXNativeTarget;
			buildConfigurationList = 7F4A02E61D94B66300EE380A /* Build configuration list for PBXNativeTarget "MovieViewer" */;
			buildPhases = (
				8749A0813CA7F05E8578AA76 /* Check Pods Manifest.lock */,
				7F4A02D01D94B66300EE380A /* Sources */,
				7F4A02D11D94B66300EE380A /* Frameworks */,
				7F4A02D21D94B66300EE380A /* Resources */,
				16A870A41A6926CAA9B526E8 /* Embed Pods Frameworks */,
				9ED148D9FC03B896C6EE6E87 /* Copy Pods Resources */,
			);
			buildRules = (
			);
			dependencies = (
			);
			name = MovieViewer;
			productName = MovieViewer;
			productReference = 7F4A02D41D94B66300EE380A /* MovieViewer.app */;
			productType = "com.apple.product-type.application";
		};
/* End PBXNativeTarget section */

/* Begin PBXProject section */
		7F4A02CC1D94B66300EE380A /* Project object */ = {
			isa = PBXProject;
			attributes = {
				LastSwiftUpdateCheck = 0800;
				LastUpgradeCheck = 0800;
				ORGANIZATIONNAME = MorganX;
				TargetAttributes = {
					7F4A02D31D94B66300EE380A = {
						CreatedOnToolsVersion = 8.0;
						DevelopmentTeam = N3G5KJ3594;
						ProvisioningStyle = Automatic;
					};
				};
			};
			buildConfigurationList = 7F4A02CF1D94B66300EE380A /* Build configuration list for PBXProject "MovieViewer" */;
			compatibilityVersion = "Xcode 3.2";
			developmentRegion = English;
			hasScannedForEncodings = 0;
			knownRegions = (
				en,
				Base,
			);
			mainGroup = 7F4A02CB1D94B66300EE380A;
			productRefGroup = 7F4A02D51D94B66300EE380A /* Products */;
			projectDirPath = "";
			projectRoot = "";
			targets = (
				7F4A02D31D94B66300EE380A /* MovieViewer */,
			);
		};
/* End PBXProject section */

/* Begin PBXResourcesBuildPhase section */
		7F4A02D21D94B66300EE380A /* Resources */ = {
			isa = PBXResourcesBuildPhase;
			buildActionMask = 2147483647;
			files = (
				7F4A02E21D94B66300EE380A /* LaunchScreen.storyboard in Resources */,
				7F4A02DF1D94B66300EE380A /* Assets.xcassets in Resources */,
				7F4A02DD1D94B66300EE380A /* Main.storyboard in Resources */,
			);
			runOnlyForDeploymentPostprocessing = 0;
		};
/* End PBXResourcesBuildPhase section */

/* Begin PBXShellScriptBuildPhase section */
		16A870A41A6926CAA9B526E8 /* Embed Pods Frameworks */ = {
			isa = PBXShellScriptBuildPhase;
			buildActionMask = 2147483647;
			files = (
			);
			inputPaths = (
			);
			name = "Embed Pods Frameworks";
			outputPaths = (
			);
			runOnlyForDeploymentPostprocessing = 0;
			shellPath = /bin/sh;
			shellScript = "\"${SRCROOT}/Pods/Target Support Files/Pods-MovieViewer/Pods-MovieViewer-frameworks.sh\"\n";
			showEnvVarsInLog = 0;
		};
		8749A0813CA7F05E8578AA76 /* Check Pods Manifest.lock */ = {
			isa = PBXShellScriptBuildPhase;
			buildActionMask = 2147483647;
			files = (
			);
			inputPaths = (
			);
			name = "Check Pods Manifest.lock";
			outputPaths = (
			);
			runOnlyForDeploymentPostprocessing = 0;
			shellPath = /bin/sh;
			shellScript = "diff \"${PODS_ROOT}/../Podfile.lock\" \"${PODS_ROOT}/Manifest.lock\" > /dev/null\nif [[ $? != 0 ]] ; then\n    cat << EOM\nerror: The sandbox is not in sync with the Podfile.lock. Run 'pod install' or update your CocoaPods installation.\nEOM\n    exit 1\nfi\n";
			showEnvVarsInLog = 0;
		};
		9ED148D9FC03B896C6EE6E87 /* Copy Pods Resources */ = {
			isa = PBXShellScriptBuildPhase;
			buildActionMask = 2147483647;
			files = (
			);
			inputPaths = (
			);
			name = "Copy Pods Resources";
			outputPaths = (
			);
			runOnlyForDeploymentPostprocessing = 0;
			shellPath = /bin/sh;
			shellScript = "\"${SRCROOT}/Pods/Target Support Files/Pods-MovieViewer/Pods-MovieViewer-resources.sh\"\n";
			showEnvVarsInLog = 0;
		};
/* End PBXShellScriptBuildPhase section */

/* Begin PBXSourcesBuildPhase section */
		7F4A02D01D94B66300EE380A /* Sources */ = {
			isa = PBXSourcesBuildPhase;
			buildActionMask = 2147483647;
			files = (
				7F4A02D81D94B66300EE380A /* AppDelegate.swift in Sources */,
				7F4A02EA1D94B67C00EE380A /* MovieViewController.swift in Sources */,
				7F4A02ED1D94C59600EE380A /* MovieViewCell.swift in Sources */,
				7F4A02F01D95671200EE380A /* DetailViewController.swift in Sources */,
			);
			runOnlyForDeploymentPostprocessing = 0;
		};
/* End PBXSourcesBuildPhase section */

/* Begin PBXVariantGroup section */
		7F4A02DB1D94B66300EE380A /* Main.storyboard */ = {
			isa = PBXVariantGroup;
			children = (
				7F4A02DC1D94B66300EE380A /* Base */,
			);
			name = Main.storyboard;
			sourceTree = "<group>";
		};
		7F4A02E01D94B66300EE380A /* LaunchScreen.storyboard */ = {
			isa = PBXVariantGroup;
			children = (
				7F4A02E11D94B66300EE380A /* Base */,
			);
			name = LaunchScreen.storyboard;
			sourceTree = "<group>";
		};
/* End PBXVariantGroup section */

/* Begin XCBuildConfiguration section */
		7F4A02E41D94B66300EE380A /* Debug */ = {
			isa = XCBuildConfiguration;
			buildSettings = {
				ALWAYS_SEARCH_USER_PATHS = NO;
				CLANG_ANALYZER_NONNULL = YES;
				CLANG_CXX_LANGUAGE_STANDARD = "gnu++0x";
				CLANG_CXX_LIBRARY = "libc++";
				CLANG_ENABLE_MODULES = YES;
				CLANG_ENABLE_OBJC_ARC = YES;
				CLANG_WARN_BOOL_CONVERSION = YES;
				CLANG_WARN_CONSTANT_CONVERSION = YES;
				CLANG_WARN_DIRECT_OBJC_ISA_USAGE = YES_ERROR;
				CLANG_WARN_DOCUMENTATION_COMMENTS = YES;
				CLANG_WARN_EMPTY_BODY = YES;
				CLANG_WARN_ENUM_CONVERSION = YES;
				CLANG_WARN_INFINITE_RECURSION = YES;
				CLANG_WARN_INT_CONVERSION = YES;
				CLANG_WARN_OBJC_ROOT_CLASS = YES_ERROR;
				CLANG_WARN_SUSPICIOUS_MOVES = YES;
				CLANG_WARN_UNREACHABLE_CODE = YES;
				CLANG_WARN__DUPLICATE_METHOD_MATCH = YES;
				"CODE_SIGN_IDENTITY[sdk=iphoneos*]" = "iPhone Developer";
				COPY_PHASE_STRIP = NO;
				DEBUG_INFORMATION_FORMAT = dwarf;
				ENABLE_STRICT_OBJC_MSGSEND = YES;
				ENABLE_TESTABILITY = YES;
				GCC_C_LANGUAGE_STANDARD = gnu99;
				GCC_DYNAMIC_NO_PIC = NO;
				GCC_NO_COMMON_BLOCKS = YES;
				GCC_OPTIMIZATION_LEVEL = 0;
				GCC_PREPROCESSOR_DEFINITIONS = (
					"DEBUG=1",
					"$(inherited)",
				);
				GCC_WARN_64_TO_32_BIT_CONVERSION = YES;
				GCC_WARN_ABOUT_RETURN_TYPE = YES_ERROR;
				GCC_WARN_UNDECLARED_SELECTOR = YES;
				GCC_WARN_UNINITIALIZED_AUTOS = YES_AGGRESSIVE;
				GCC_WARN_UNUSED_FUNCTION = YES;
				GCC_WARN_UNUSED_VARIABLE = YES;
				IPHONEOS_DEPLOYMENT_TARGET = 10.0;
				MTL_ENABLE_DEBUG_INFO = YES;
				ONLY_ACTIVE_ARCH = YES;
				SDKROOT = iphoneos;
				SWIFT_ACTIVE_COMPILATION_CONDITIONS = DEBUG;
				SWIFT_OPTIMIZATION_LEVEL = "-Onone";
				TARGETED_DEVICE_FAMILY = "1,2";
			};
			name = Debug;
		};
		7F4A02E51D94B66300EE380A /* Release */ = {
			isa = XCBuildConfiguration;
			buildSettings = {
				ALWAYS_SEARCH_USER_PATHS = NO;
				CLANG_ANALYZER_NONNULL = YES;
				CLANG_CXX_LANGUAGE_STANDARD = "gnu++0x";
				CLANG_CXX_LIBRARY = "libc++";
				CLANG_ENABLE_MODULES = YES;
				CLANG_ENABLE_OBJC_ARC = YES;
				CLANG_WARN_BOOL_CONVERSION = YES;
				CLANG_WARN_CONSTANT_CONVERSION = YES;
				CLANG_WARN_DIRECT_OBJC_ISA_USAGE = YES_ERROR;
				CLANG_WARN_DOCUMENTATION_COMMENTS = YES;
				CLANG_WARN_EMPTY_BODY = YES;
				CLANG_WARN_ENUM_CONVERSION = YES;
				CLANG_WARN_INFINITE_RECURSION = YES;
				CLANG_WARN_INT_CONVERSION = YES;
				CLANG_WARN_OBJC_ROOT_CLASS = YES_ERROR;
				CLANG_WARN_SUSPICIOUS_MOVES = YES;
				CLANG_WARN_UNREACHABLE_CODE = YES;
				CLANG_WARN__DUPLICATE_METHOD_MATCH = YES;
				"CODE_SIGN_IDENTITY[sdk=iphoneos*]" = "iPhone Developer";
				COPY_PHASE_STRIP = NO;
				DEBUG_INFORMATION_FORMAT = "dwarf-with-dsym";
				ENABLE_NS_ASSERTIONS = NO;
				ENABLE_STRICT_OBJC_MSGSEND = YES;
				GCC_C_LANGUAGE_STANDARD = gnu99;
				GCC_NO_COMMON_BLOCKS = YES;
				GCC_WARN_64_TO_32_BIT_CONVERSION = YES;
				GCC_WARN_ABOUT_RETURN_TYPE = YES_ERROR;
				GCC_WARN_UNDECLARED_SELECTOR = YES;
				GCC_WARN_UNINITIALIZED_AUTOS = YES_AGGRESSIVE;
				GCC_WARN_UNUSED_FUNCTION = YES;
				GCC_WARN_UNUSED_VARIABLE = YES;
				IPHONEOS_DEPLOYMENT_TARGET = 10.0;
				MTL_ENABLE_DEBUG_INFO = NO;
				SDKROOT = iphoneos;
				SWIFT_OPTIMIZATION_LEVEL = "-Owholemodule";
				TARGETED_DEVICE_FAMILY = "1,2";
				VALIDATE_PRODUCT = YES;
			};
			name = Release;
		};
		7F4A02E71D94B66300EE380A /* Debug */ = {
			isa = XCBuildConfiguration;
			baseConfigurationReference = A62C18CF3FFD1B25788BF04A /* Pods-MovieViewer.debug.xcconfig */;
			buildSettings = {
				ASSETCATALOG_COMPILER_APPICON_NAME = AppIcon;
				DEVELOPMENT_TEAM = N3G5KJ3594;
				INFOPLIST_FILE = MovieViewer/Info.plist;
				LD_RUNPATH_SEARCH_PATHS = "$(inherited) @executable_path/Frameworks";
				PRODUCT_BUNDLE_IDENTIFIER = edu.morganx.isaiahcliftonweaver.MovieViewer;
				PRODUCT_NAME = "$(TARGET_NAME)";
				SWIFT_VERSION = 3.0;
			};
			name = Debug;
		};
		7F4A02E81D94B66300EE380A /* Release */ = {
			isa = XCBuildConfiguration;
			baseConfigurationReference = F3324A105E58433D771BDC33 /* Pods-MovieViewer.release.xcconfig */;
			buildSettings = {
				ASSETCATALOG_COMPILER_APPICON_NAME = AppIcon;
				DEVELOPMENT_TEAM = N3G5KJ3594;
				INFOPLIST_FILE = MovieViewer/Info.plist;
				LD_RUNPATH_SEARCH_PATHS = "$(inherited) @executable_path/Frameworks";
				PRODUCT_BUNDLE_IDENTIFIER = edu.morganx.isaiahcliftonweaver.MovieViewer;
				PRODUCT_NAME = "$(TARGET_NAME)";
				SWIFT_VERSION = 3.0;
			};
			name = Release;
		};
/* End XCBuildConfiguration section */

/* Begin XCConfigurationList section */
		7F4A02CF1D94B66300EE380A /* Build configuration list for PBXProject "MovieViewer" */ = {
			isa = XCConfigurationList;
			buildConfigurations = (
				7F4A02E41D94B66300EE380A /* Debug */,
				7F4A02E51D94B66300EE380A /* Release */,
			);
			defaultConfigurationIsVisible = 0;
			defaultConfigurationName = Release;
		};
		7F4A02E61D94B66300EE380A /* Build configuration list for PBXNativeTarget "MovieViewer" */ = {
			isa = XCConfigurationList;
			buildConfigurations = (
				7F4A02E71D94B66300EE380A /* Debug */,
				7F4A02E81D94B66300EE380A /* Release */,
			);
			defaultConfigurationIsVisible = 0;
			defaultConfigurationName = Release;
		};
/* End XCConfigurationList section */
	};
	rootObject = 7F4A02CC1D94B66300EE380A /* Project object */;
}
